// !$*UTF8*$!
{
	archiveVersion = 1;
	classes = {
	};
	objectVersion = 46;
	objects = {

/* Begin PBXBuildFile section */
		36CECBA691705E90FABA2ED5 /* Pods_Pokedex.framework in Frameworks */ = {isa = PBXBuildFile; fileRef = 49402BE330314CE9291EEC9E /* Pods_Pokedex.framework */; };
		512A7F391D82E4B500677BF2 /* AppDelegate.swift in Sources */ = {isa = PBXBuildFile; fileRef = 512A7F381D82E4B500677BF2 /* AppDelegate.swift */; };
		512A7F3B1D82E4B500677BF2 /* ViewController.swift in Sources */ = {isa = PBXBuildFile; fileRef = 512A7F3A1D82E4B500677BF2 /* ViewController.swift */; };
		512A7F3E1D82E4B500677BF2 /* Main.storyboard in Resources */ = {isa = PBXBuildFile; fileRef = 512A7F3C1D82E4B500677BF2 /* Main.storyboard */; };
		512A7F401D82E4B500677BF2 /* Assets.xcassets in Resources */ = {isa = PBXBuildFile; fileRef = 512A7F3F1D82E4B500677BF2 /* Assets.xcassets */; };
		512A7F431D82E4B500677BF2 /* LaunchScreen.storyboard in Resources */ = {isa = PBXBuildFile; fileRef = 512A7F411D82E4B500677BF2 /* LaunchScreen.storyboard */; };
		512A7F4B1D82E71B00677BF2 /* pokemon.csv in Resources */ = {isa = PBXBuildFile; fileRef = 512A7F4A1D82E71B00677BF2 /* pokemon.csv */; };
		512A7F4E1D82E87700677BF2 /* Pokemon.swift in Sources */ = {isa = PBXBuildFile; fileRef = 512A7F4D1D82E87700677BF2 /* Pokemon.swift */; };
		512A7F521D82EF4200677BF2 /* PokeCell.swift in Sources */ = {isa = PBXBuildFile; fileRef = 512A7F511D82EF4200677BF2 /* PokeCell.swift */; };
		512A7F541D82F62A00677BF2 /* csv.swift in Sources */ = {isa = PBXBuildFile; fileRef = 512A7F531D82F62A00677BF2 /* csv.swift */; };
		512C0DBA1D842C9C00E6A6ED /* Constants.swift in Sources */ = {isa = PBXBuildFile; fileRef = 512C0DB91D842C9C00E6A6ED /* Constants.swift */; };
		517100591D82FBAC000A4292 /* pokemonFont.ttf in Resources */ = {isa = PBXBuildFile; fileRef = 517100581D82FBAC000A4292 /* pokemonFont.ttf */; };
		5171005E1D82FD6F000A4292 /* music.mp3 in Resources */ = {isa = PBXBuildFile; fileRef = 5171005D1D82FD6F000A4292 /* music.mp3 */; };
		517100601D830773000A4292 /* PokemonDetailVC.swift in Sources */ = {isa = PBXBuildFile; fileRef = 5171005F1D830773000A4292 /* PokemonDetailVC.swift */; };
/* End PBXBuildFile section */

/* Begin PBXFileReference section */
		2F8A424E62207B3964D6656D /* Pods-Pokedex.release.xcconfig */ = {isa = PBXFileReference; includeInIndex = 1; lastKnownFileType = text.xcconfig; name = "Pods-Pokedex.release.xcconfig"; path = "Pods/Target Support Files/Pods-Pokedex/Pods-Pokedex.release.xcconfig"; sourceTree = "<group>"; };
		49402BE330314CE9291EEC9E /* Pods_Pokedex.framework */ = {isa = PBXFileReference; explicitFileType = wrapper.framework; includeInIndex = 0; path = Pods_Pokedex.framework; sourceTree = BUILT_PRODUCTS_DIR; };
		512A7F351D82E4B500677BF2 /* Pokedex.app */ = {isa = PBXFileReference; explicitFileType = wrapper.application; includeInIndex = 0; path = Pokedex.app; sourceTree = BUILT_PRODUCTS_DIR; };
		512A7F381D82E4B500677BF2 /* AppDelegate.swift */ = {isa = PBXFileReference; lastKnownFileType = sourcecode.swift; path = AppDelegate.swift; sourceTree = "<group>"; };
		512A7F3A1D82E4B500677BF2 /* ViewController.swift */ = {isa = PBXFileReference; lastKnownFileType = sourcecode.swift; path = ViewController.swift; sourceTree = "<group>"; };
		512A7F3D1D82E4B500677BF2 /* Base */ = {isa = PBXFileReference; lastKnownFileType = file.storyboard; name = Base; path = Base.lproj/Main.storyboard; sourceTree = "<group>"; };
		512A7F3F1D82E4B500677BF2 /* Assets.xcassets */ = {isa = PBXFileReference; lastKnownFileType = folder.assetcatalog; path = Assets.xcassets; sourceTree = "<group>"; };
		512A7F421D82E4B500677BF2 /* Base */ = {isa = PBXFileReference; lastKnownFileType = file.storyboard; name = Base; path = Base.lproj/LaunchScreen.storyboard; sourceTree = "<group>"; };
		512A7F441D82E4B500677BF2 /* Info.plist */ = {isa = PBXFileReference; lastKnownFileType = text.plist.xml; path = Info.plist; sourceTree = "<group>"; };
		512A7F4A1D82E71B00677BF2 /* pokemon.csv */ = {isa = PBXFileReference; fileEncoding = 4; lastKnownFileType = text; path = pokemon.csv; sourceTree = "<group>"; };
		512A7F4D1D82E87700677BF2 /* Pokemon.swift */ = {isa = PBXFileReference; fileEncoding = 4; lastKnownFileType = sourcecode.swift; path = Pokemon.swift; sourceTree = "<group>"; };
		512A7F511D82EF4200677BF2 /* PokeCell.swift */ = {isa = PBXFileReference; fileEncoding = 4; lastKnownFileType = sourcecode.swift; path = PokeCell.swift; sourceTree = "<group>"; };
		512A7F531D82F62A00677BF2 /* csv.swift */ = {isa = PBXFileReference; fileEncoding = 4; lastKnownFileType = sourcecode.swift; path = csv.swift; sourceTree = "<group>"; };
		512C0DB91D842C9C00E6A6ED /* Constants.swift */ = {isa = PBXFileReference; fileEncoding = 4; lastKnownFileType = sourcecode.swift; path = Constants.swift; sourceTree = "<group>"; };
		517100581D82FBAC000A4292 /* pokemonFont.ttf */ = {isa = PBXFileReference; lastKnownFileType = file; path = pokemonFont.ttf; sourceTree = "<group>"; };
		5171005D1D82FD6F000A4292 /* music.mp3 */ = {isa = PBXFileReference; lastKnownFileType = audio.mp3; path = music.mp3; sourceTree = "<group>"; };
		5171005F1D830773000A4292 /* PokemonDetailVC.swift */ = {isa = PBXFileReference; fileEncoding = 4; lastKnownFileType = sourcecode.swift; path = PokemonDetailVC.swift; sourceTree = "<group>"; };
		99196087E101D56B1C6533ED /* Pods-Pokedex.debug.xcconfig */ = {isa = PBXFileReference; includeInIndex = 1; lastKnownFileType = text.xcconfig; name = "Pods-Pokedex.debug.xcconfig"; path = "Pods/Target Support Files/Pods-Pokedex/Pods-Pokedex.debug.xcconfig"; sourceTree = "<group>"; };
/* End PBXFileReference section */

/* Begin PBXFrameworksBuildPhase section */
		512A7F321D82E4B500677BF2 /* Frameworks */ = {
			isa = PBXFrameworksBuildPhase;
			buildActionMask = 2147483647;
			files = (
				36CECBA691705E90FABA2ED5 /* Pods_Pokedex.framework in Frameworks */,
			);
			runOnlyForDeploymentPostprocessing = 0;
		};
/* End PBXFrameworksBuildPhase section */

/* Begin PBXGroup section */
		512A7F2C1D82E4B500677BF2 = {
			isa = PBXGroup;
			children = (
				512A7F371D82E4B500677BF2 /* Pokedex */,
				512A7F361D82E4B500677BF2 /* Products */,
				D285D0EAFAB4C04E522EFCF1 /* Pods */,
				F6B57CB1EEE24CF28212E994 /* Frameworks */,
			);
			sourceTree = "<group>";
		};
		512A7F361D82E4B500677BF2 /* Products */ = {
			isa = PBXGroup;
			children = (
				512A7F351D82E4B500677BF2 /* Pokedex.app */,
			);
			name = Products;
			sourceTree = "<group>";
		};
		512A7F371D82E4B500677BF2 /* Pokedex */ = {
			isa = PBXGroup;
			children = (
				512A7F4C1D82E86400677BF2 /* Model */,
				512A7F4F1D82EF1700677BF2 /* View */,
				5171005A1D82FBBF000A4292 /* Controller */,
				512A7F3C1D82E4B500677BF2 /* Main.storyboard */,
				512A7F411D82E4B500677BF2 /* LaunchScreen.storyboard */,
				512A7F441D82E4B500677BF2 /* Info.plist */,
				512A7F381D82E4B500677BF2 /* AppDelegate.swift */,
				5171005B1D82FBCD000A4292 /* Resources */,
				5171005C1D82FBF9000A4292 /* Util */,
			);
			path = Pokedex;
			sourceTree = "<group>";
		};
		512A7F4C1D82E86400677BF2 /* Model */ = {
			isa = PBXGroup;
			children = (
				512A7F4D1D82E87700677BF2 /* Pokemon.swift */,
			);
			name = Model;
			sourceTree = "<group>";
		};
		512A7F4F1D82EF1700677BF2 /* View */ = {
			isa = PBXGroup;
			children = (
				512A7F511D82EF4200677BF2 /* PokeCell.swift */,
			);
			name = View;
			sourceTree = "<group>";
		};
		5171005A1D82FBBF000A4292 /* Controller */ = {
			isa = PBXGroup;
			children = (
				512A7F3A1D82E4B500677BF2 /* ViewController.swift */,
				5171005F1D830773000A4292 /* PokemonDetailVC.swift */,
			);
			name = Controller;
			sourceTree = "<group>";
		};
		5171005B1D82FBCD000A4292 /* Resources */ = {
			isa = PBXGroup;
			children = (
				5171005D1D82FD6F000A4292 /* music.mp3 */,
				512A7F4A1D82E71B00677BF2 /* pokemon.csv */,
				517100581D82FBAC000A4292 /* pokemonFont.ttf */,
				512A7F3F1D82E4B500677BF2 /* Assets.xcassets */,
			);
			name = Resources;
			sourceTree = "<group>";
		};
		5171005C1D82FBF9000A4292 /* Util */ = {
			isa = PBXGroup;
			children = (
				512A7F531D82F62A00677BF2 /* csv.swift */,
				512C0DB91D842C9C00E6A6ED /* Constants.swift */,
			);
			name = Util;
			sourceTree = "<group>";
		};
		D285D0EAFAB4C04E522EFCF1 /* Pods */ = {
			isa = PBXGroup;
			children = (
				99196087E101D56B1C6533ED /* Pods-Pokedex.debug.xcconfig */,
				2F8A424E62207B3964D6656D /* Pods-Pokedex.release.xcconfig */,
			);
			name = Pods;
			sourceTree = "<group>";
		};
		F6B57CB1EEE24CF28212E994 /* Frameworks */ = {
			isa = PBXGroup;
			children = (
				49402BE330314CE9291EEC9E /* Pods_Pokedex.framework */,
			);
			name = Frameworks;
			sourceTree = "<group>";
		};
/* End PBXGroup section */

/* Begin PBXNativeTarget section */
		512A7F341D82E4B500677BF2 /* Pokedex */ = {
			isa = PBXNativeTarget;
			buildConfigurationList = 512A7F471D82E4B500677BF2 /* Build configuration list for PBXNativeTarget "Pokedex" */;
			buildPhases = (
				7F9E81D8652A359AB222BDD0 /* [CP] Check Pods Manifest.lock */,
				512A7F311D82E4B500677BF2 /* Sources */,
				512A7F321D82E4B500677BF2 /* Frameworks */,
				512A7F331D82E4B500677BF2 /* Resources */,
				CFB23F74E8A1BF3686552A64 /* [CP] Embed Pods Frameworks */,
				24521F2046D9BF54A86A5624 /* [CP] Copy Pods Resources */,
			);
			buildRules = (
			);
			dependencies = (
			);
			name = Pokedex;
			productName = Pokedex;
			productReference = 512A7F351D82E4B500677BF2 /* Pokedex.app */;
			productType = "com.apple.product-type.application";
		};
/* End PBXNativeTarget section */

/* Begin PBXProject section */
		512A7F2D1D82E4B500677BF2 /* Project object */ = {
			isa = PBXProject;
			attributes = {
				LastSwiftUpdateCheck = 0800;
				LastUpgradeCheck = 0800;
				ORGANIZATIONNAME = "Arnaud Dupuy";
				TargetAttributes = {
					512A7F341D82E4B500677BF2 = {
						CreatedOnToolsVersion = 8.0;
						DevelopmentTeam = 97MVV2N8MA;
						LastSwiftMigration = 0800;
						ProvisioningStyle = Automatic;
					};
				};
			};
			buildConfigurationList = 512A7F301D82E4B500677BF2 /* Build configuration list for PBXProject "Pokedex" */;
			compatibilityVersion = "Xcode 3.2";
			developmentRegion = English;
			hasScannedForEncodings = 0;
			knownRegions = (
				en,
				Base,
			);
			mainGroup = 512A7F2C1D82E4B500677BF2;
			productRefGroup = 512A7F361D82E4B500677BF2 /* Products */;
			projectDirPath = "";
			projectRoot = "";
			targets = (
				512A7F341D82E4B500677BF2 /* Pokedex */,
			);
		};
/* End PBXProject section */

/* Begin PBXResourcesBuildPhase section */
		512A7F331D82E4B500677BF2 /* Resources */ = {
			isa = PBXResourcesBuildPhase;
			buildActionMask = 2147483647;
			files = (
				517100591D82FBAC000A4292 /* pokemonFont.ttf in Resources */,
				512A7F431D82E4B500677BF2 /* LaunchScreen.storyboard in Resources */,
				5171005E1D82FD6F000A4292 /* music.mp3 in Resources */,
				512A7F401D82E4B500677BF2 /* Assets.xcassets in Resources */,
				512A7F4B1D82E71B00677BF2 /* pokemon.csv in Resources */,
				512A7F3E1D82E4B500677BF2 /* Main.storyboard in Resources */,
			);
			runOnlyForDeploymentPostprocessing = 0;
		};
/* End PBXResourcesBuildPhase section */

/* Begin PBXShellScriptBuildPhase section */
		24521F2046D9BF54A86A5624 /* [CP] Copy Pods Resources */ = {
			isa = PBXShellScriptBuildPhase;
			buildActionMask = 2147483647;
			files = (
			);
			inputPaths = (
			);
			name = "[CP] Copy Pods Resources";
			outputPaths = (
			);
			runOnlyForDeploymentPostprocessing = 0;
			shellPath = /bin/sh;
			shellScript = "\"${SRCROOT}/Pods/Target Support Files/Pods-Pokedex/Pods-Pokedex-resources.sh\"\n";
			showEnvVarsInLog = 0;
		};
		7F9E81D8652A359AB222BDD0 /* [CP] Check Pods Manifest.lock */ = {
			isa = PBXShellScriptBuildPhase;
			buildActionMask = 2147483647;
			files = (
			);
			inputPaths = (
			);
			name = "[CP] Check Pods Manifest.lock";
			outputPaths = (
			);
			runOnlyForDeploymentPostprocessing = 0;
			shellPath = /bin/sh;
			shellScript = "diff \"${PODS_ROOT}/../Podfile.lock\" \"${PODS_ROOT}/Manifest.lock\" > /dev/null\nif [ $? != 0 ] ; then\n    # print error to STDERR\n    echo \"error: The sandbox is not in sync with the Podfile.lock. Run 'pod install' or update your CocoaPods installation.\" >&2\n    exit 1\nfi\n";
			showEnvVarsInLog = 0;
		};
		CFB23F74E8A1BF3686552A64 /* [CP] Embed Pods Frameworks */ = {
			isa = PBXShellScriptBuildPhase;
			buildActionMask = 2147483647;
			files = (
			);
			inputPaths = (
			);
			name = "[CP] Embed Pods Frameworks";
			outputPaths = (
			);
			runOnlyForDeploymentPostprocessing = 0;
			shellPath = /bin/sh;
			shellScript = "\"${SRCROOT}/Pods/Target Support Files/Pods-Pokedex/Pods-Pokedex-frameworks.sh\"\n";
			showEnvVarsInLog = 0;
		};
/* End PBXShellScriptBuildPhase section */

/* Begin PBXSourcesBuildPhase section */
		512A7F311D82E4B500677BF2 /* Sources */ = {
			isa = PBXSourcesBuildPhase;
			buildActionMask = 2147483647;
			files = (
				512A7F521D82EF4200677BF2 /* PokeCell.swift in Sources */,
				512A7F3B1D82E4B500677BF2 /* ViewController.swift in Sources */,
				512A7F391D82E4B500677BF2 /* AppDelegate.swift in Sources */,
				517100601D830773000A4292 /* PokemonDetailVC.swift in Sources */,
				512C0DBA1D842C9C00E6A6ED /* Constants.swift in Sources */,
				512A7F4E1D82E87700677BF2 /* Pokemon.swift in Sources */,
				512A7F541D82F62A00677BF2 /* csv.swift in Sources */,
			);
			runOnlyForDeploymentPostprocessing = 0;
		};
/* End PBXSourcesBuildPhase section */

/* Begin PBXVariantGroup section */
		512A7F3C1D82E4B500677BF2 /* Main.storyboard */ = {
			isa = PBXVariantGroup;
			children = (
				512A7F3D1D82E4B500677BF2 /* Base */,
			);
			name = Main.storyboard;
			sourceTree = "<group>";
		};
		512A7F411D82E4B500677BF2 /* LaunchScreen.storyboard */ = {
			isa = PBXVariantGroup;
			children = (
				512A7F421D82E4B500677BF2 /* Base */,
			);
			name = LaunchScreen.storyboard;
			sourceTree = "<group>";
		};
/* End PBXVariantGroup section */

/* Begin XCBuildConfiguration section */
		512A7F451D82E4B500677BF2 /* Debug */ = {
			isa = XCBuildConfiguration;
			buildSettings = {
				ALWAYS_SEARCH_USER_PATHS = NO;
				CLANG_ANALYZER_NONNULL = YES;
				CLANG_CXX_LANGUAGE_STANDARD = "gnu++0x";
				CLANG_CXX_LIBRARY = "libc++";
				CLANG_ENABLE_MODULES = YES;
				CLANG_ENABLE_OBJC_ARC = YES;
				CLANG_WARN_BOOL_CONVERSION = YES;
				CLANG_WARN_CONSTANT_CONVERSION = YES;
				CLANG_WARN_DIRECT_OBJC_ISA_USAGE = YES_ERROR;
				CLANG_WARN_DOCUMENTATION_COMMENTS = YES;
				CLANG_WARN_EMPTY_BODY = YES;
				CLANG_WARN_ENUM_CONVERSION = YES;
				CLANG_WARN_INFINITE_RECURSION = YES;
				CLANG_WARN_INT_CONVERSION = YES;
				CLANG_WARN_OBJC_ROOT_CLASS = YES_ERROR;
				CLANG_WARN_SUSPICIOUS_MOVES = YES;
				CLANG_WARN_UNREACHABLE_CODE = YES;
				CLANG_WARN__DUPLICATE_METHOD_MATCH = YES;
				"CODE_SIGN_IDENTITY[sdk=iphoneos*]" = "iPhone Developer";
				COPY_PHASE_STRIP = NO;
				DEBUG_INFORMATION_FORMAT = dwarf;
				ENABLE_STRICT_OBJC_MSGSEND = YES;
				ENABLE_TESTABILITY = YES;
				GCC_C_LANGUAGE_STANDARD = gnu99;
				GCC_DYNAMIC_NO_PIC = NO;
				GCC_NO_COMMON_BLOCKS = YES;
				GCC_OPTIMIZATION_LEVEL = 0;
				GCC_PREPROCESSOR_DEFINITIONS = (
					"DEBUG=1",
					"$(inherited)",
				);
				GCC_WARN_64_TO_32_BIT_CONVERSION = YES;
				GCC_WARN_ABOUT_RETURN_TYPE = YES_ERROR;
				GCC_WARN_UNDECLARED_SELECTOR = YES;
				GCC_WARN_UNINITIALIZED_AUTOS = YES_AGGRESSIVE;
				GCC_WARN_UNUSED_FUNCTION = YES;
				GCC_WARN_UNUSED_VARIABLE = YES;
				IPHONEOS_DEPLOYMENT_TARGET = 10.0;
				MTL_ENABLE_DEBUG_INFO = YES;
				ONLY_ACTIVE_ARCH = YES;
				SDKROOT = iphoneos;
				SWIFT_ACTIVE_COMPILATION_CONDITIONS = DEBUG;
				SWIFT_OPTIMIZATION_LEVEL = "-Onone";
				TARGETED_DEVICE_FAMILY = "1,2";
			};
			name = Debug;
		};
		512A7F461D82E4B500677BF2 /* Release */ = {
			isa = XCBuildConfiguration;
			buildSettings = {
				ALWAYS_SEARCH_USER_PATHS = NO;
				CLANG_ANALYZER_NONNULL = YES;
				CLANG_CXX_LANGUAGE_STANDARD = "gnu++0x";
				CLANG_CXX_LIBRARY = "libc++";
				CLANG_ENABLE_MODULES = YES;
				CLANG_ENABLE_OBJC_ARC = YES;
				CLANG_WARN_BOOL_CONVERSION = YES;
				CLANG_WARN_CONSTANT_CONVERSION = YES;
				CLANG_WARN_DIRECT_OBJC_ISA_USAGE = YES_ERROR;
				CLANG_WARN_DOCUMENTATION_COMMENTS = YES;
				CLANG_WARN_EMPTY_BODY = YES;
				CLANG_WARN_ENUM_CONVERSION = YES;
				CLANG_WARN_INFINITE_RECURSION = YES;
				CLANG_WARN_INT_CONVERSION = YES;
				CLANG_WARN_OBJC_ROOT_CLASS = YES_ERROR;
				CLANG_WARN_SUSPICIOUS_MOVES = YES;
				CLANG_WARN_UNREACHABLE_CODE = YES;
				CLANG_WARN__DUPLICATE_METHOD_MATCH = YES;
				"CODE_SIGN_IDENTITY[sdk=iphoneos*]" = "iPhone Developer";
				COPY_PHASE_STRIP = NO;
				DEBUG_INFORMATION_FORMAT = "dwarf-with-dsym";
				ENABLE_NS_ASSERTIONS = NO;
				ENABLE_STRICT_OBJC_MSGSEND = YES;
				GCC_C_LANGUAGE_STANDARD = gnu99;
				GCC_NO_COMMON_BLOCKS = YES;
				GCC_WARN_64_TO_32_BIT_CONVERSION = YES;
				GCC_WARN_ABOUT_RETURN_TYPE = YES_ERROR;
				GCC_WARN_UNDECLARED_SELECTOR = YES;
				GCC_WARN_UNINITIALIZED_AUTOS = YES_AGGRESSIVE;
				GCC_WARN_UNUSED_FUNCTION = YES;
				GCC_WARN_UNUSED_VARIABLE = YES;
				IPHONEOS_DEPLOYMENT_TARGET = 10.0;
				MTL_ENABLE_DEBUG_INFO = NO;
				SDKROOT = iphoneos;
				SWIFT_OPTIMIZATION_LEVEL = "-Owholemodule";
				TARGETED_DEVICE_FAMILY = "1,2";
				VALIDATE_PRODUCT = YES;
			};
			name = Release;
		};
		512A7F481D82E4B500677BF2 /* Debug */ = {
			isa = XCBuildConfiguration;
			baseConfigurationReference = 99196087E101D56B1C6533ED /* Pods-Pokedex.debug.xcconfig */;
			buildSettings = {
				ASSETCATALOG_COMPILER_APPICON_NAME = AppIcon;
				DEVELOPMENT_TEAM = 97MVV2N8MA;
				INFOPLIST_FILE = Pokedex/Info.plist;
				IPHONEOS_DEPLOYMENT_TARGET = 9.0;
				LD_RUNPATH_SEARCH_PATHS = "$(inherited) @executable_path/Frameworks";
				PRODUCT_BUNDLE_IDENTIFIER = edu.arnaudupuy.Pokedex;
				PRODUCT_NAME = "$(TARGET_NAME)";
				SWIFT_VERSION = 3.0;
			};
			name = Debug;
		};
		512A7F491D82E4B500677BF2 /* Release */ = {
			isa = XCBuildConfiguration;
			baseConfigurationReference = 2F8A424E62207B3964D6656D /* Pods-Pokedex.release.xcconfig */;
			buildSettings = {
				ASSETCATALOG_COMPILER_APPICON_NAME = AppIcon;
				DEVELOPMENT_TEAM = 97MVV2N8MA;
				INFOPLIST_FILE = Pokedex/Info.plist;
				IPHONEOS_DEPLOYMENT_TARGET = 9.0;
				LD_RUNPATH_SEARCH_PATHS = "$(inherited) @executable_path/Frameworks";
				PRODUCT_BUNDLE_IDENTIFIER = edu.arnaudupuy.Pokedex;
				PRODUCT_NAME = "$(TARGET_NAME)";
				SWIFT_VERSION = 3.0;
			};
			name = Release;
		};
/* End XCBuildConfiguration section */

/* Begin XCConfigurationList section */
		512A7F301D82E4B500677BF2 /* Build configuration list for PBXProject "Pokedex" */ = {
			isa = XCConfigurationList;
			buildConfigurations = (
				512A7F451D82E4B500677BF2 /* Debug */,
				512A7F461D82E4B500677BF2 /* Release */,
			);
			defaultConfigurationIsVisible = 0;
			defaultConfigurationName = Release;
		};
		512A7F471D82E4B500677BF2 /* Build configuration list for PBXNativeTarget "Pokedex" */ = {
			isa = XCConfigurationList;
			buildConfigurations = (
				512A7F481D82E4B500677BF2 /* Debug */,
				512A7F491D82E4B500677BF2 /* Release */,
			);
			defaultConfigurationIsVisible = 0;
			defaultConfigurationName = Release;
		};
/* End XCConfigurationList section */
	};
	rootObject = 512A7F2D1D82E4B500677BF2 /* Project object */;
}
